// !$*UTF8*$!
{
	archiveVersion = 1;
	classes = {
	};
	objectVersion = 46;
	objects = {

/* Begin PBXBuildFile section */
		BAB3DF9D1BF5CD3400060573 /* main.m in Sources */ = {isa = PBXBuildFile; fileRef = BAB3DF9C1BF5CD3400060573 /* main.m */; };
		BAB3DFA01BF5CD3400060573 /* AppDelegate.m in Sources */ = {isa = PBXBuildFile; fileRef = BAB3DF9F1BF5CD3400060573 /* AppDelegate.m */; };
		BAB3DFA31BF5CD3400060573 /* ViewController.m in Sources */ = {isa = PBXBuildFile; fileRef = BAB3DFA21BF5CD3400060573 /* ViewController.m */; };
		BAB3DFA61BF5CD3400060573 /* Main.storyboard in Resources */ = {isa = PBXBuildFile; fileRef = BAB3DFA41BF5CD3400060573 /* Main.storyboard */; };
		BAB3DFA81BF5CD3400060573 /* Assets.xcassets in Resources */ = {isa = PBXBuildFile; fileRef = BAB3DFA71BF5CD3400060573 /* Assets.xcassets */; };
		BAB3DFAB1BF5CD3400060573 /* LaunchScreen.storyboard in Resources */ = {isa = PBXBuildFile; fileRef = BAB3DFA91BF5CD3400060573 /* LaunchScreen.storyboard */; };
		BAB3DFB61BF5CD3400060573 /* sample2Tests.m in Sources */ = {isa = PBXBuildFile; fileRef = BAB3DFB51BF5CD3400060573 /* sample2Tests.m */; };
		BAB3DFC11BF5CD3400060573 /* sample2UITests.m in Sources */ = {isa = PBXBuildFile; fileRef = BAB3DFC01BF5CD3400060573 /* sample2UITests.m */; };
/* End PBXBuildFile section */

/* Begin PBXContainerItemProxy section */
		BAB3DFB21BF5CD3400060573 /* PBXContainerItemProxy */ = {
			isa = PBXContainerItemProxy;
			containerPortal = BAB3DF901BF5CD3400060573 /* Project object */;
			proxyType = 1;
			remoteGlobalIDString = BAB3DF971BF5CD3400060573;
			remoteInfo = sample2;
		};
		BAB3DFBD1BF5CD3400060573 /* PBXContainerItemProxy */ = {
			isa = PBXContainerItemProxy;
			containerPortal = BAB3DF901BF5CD3400060573 /* Project object */;
			proxyType = 1;
			remoteGlobalIDString = BAB3DF971BF5CD3400060573;
			remoteInfo = sample2;
		};
/* End PBXContainerItemProxy section */

/* Begin PBXFileReference section */
		BAB3DF981BF5CD3400060573 /* sample2.app */ = {isa = PBXFileReference; explicitFileType = wrapper.application; includeInIndex = 0; path = sample2.app; sourceTree = BUILT_PRODUCTS_DIR; };
		BAB3DF9C1BF5CD3400060573 /* main.m */ = {isa = PBXFileReference; lastKnownFileType = sourcecode.c.objc; path = main.m; sourceTree = "<group>"; };
		BAB3DF9E1BF5CD3400060573 /* AppDelegate.h */ = {isa = PBXFileReference; lastKnownFileType = sourcecode.c.h; path = AppDelegate.h; sourceTree = "<group>"; };
		BAB3DF9F1BF5CD3400060573 /* AppDelegate.m */ = {isa = PBXFileReference; lastKnownFileType = sourcecode.c.objc; path = AppDelegate.m; sourceTree = "<group>"; };
		BAB3DFA11BF5CD3400060573 /* ViewController.h */ = {isa = PBXFileReference; lastKnownFileType = sourcecode.c.h; path = ViewController.h; sourceTree = "<group>"; };
		BAB3DFA21BF5CD3400060573 /* ViewController.m */ = {isa = PBXFileReference; lastKnownFileType = sourcecode.c.objc; path = ViewController.m; sourceTree = "<group>"; };
		BAB3DFA51BF5CD3400060573 /* Base */ = {isa = PBXFileReference; lastKnownFileType = file.storyboard; name = Base; path = Base.lproj/Main.storyboard; sourceTree = "<group>"; };
		BAB3DFA71BF5CD3400060573 /* Assets.xcassets */ = {isa = PBXFileReference; lastKnownFileType = folder.assetcatalog; path = Assets.xcassets; sourceTree = "<group>"; };
		BAB3DFAA1BF5CD3400060573 /* Base */ = {isa = PBXFileReference; lastKnownFileType = file.storyboard; name = Base; path = Base.lproj/LaunchScreen.storyboard; sourceTree = "<group>"; };
		BAB3DFAC1BF5CD3400060573 /* Info.plist */ = {isa = PBXFileReference; lastKnownFileType = text.plist.xml; path = Info.plist; sourceTree = "<group>"; };
		BAB3DFB11BF5CD3400060573 /* sample2Tests.xctest */ = {isa = PBXFileReference; explicitFileType = wrapper.cfbundle; includeInIndex = 0; path = sample2Tests.xctest; sourceTree = BUILT_PRODUCTS_DIR; };
		BAB3DFB51BF5CD3400060573 /* sample2Tests.m */ = {isa = PBXFileReference; lastKnownFileType = sourcecode.c.objc; path = sample2Tests.m; sourceTree = "<group>"; };
		BAB3DFB71BF5CD3400060573 /* Info.plist */ = {isa = PBXFileReference; lastKnownFileType = text.plist.xml; path = Info.plist; sourceTree = "<group>"; };
		BAB3DFBC1BF5CD3400060573 /* sample2UITests.xctest */ = {isa = PBXFileReference; explicitFileType = wrapper.cfbundle; includeInIndex = 0; path = sample2UITests.xctest; sourceTree = BUILT_PRODUCTS_DIR; };
		BAB3DFC01BF5CD3400060573 /* sample2UITests.m */ = {isa = PBXFileReference; lastKnownFileType = sourcecode.c.objc; path = sample2UITests.m; sourceTree = "<group>"; };
		BAB3DFC21BF5CD3400060573 /* Info.plist */ = {isa = PBXFileReference; lastKnownFileType = text.plist.xml; path = Info.plist; sourceTree = "<group>"; };
/* End PBXFileReference section */

/* Begin PBXFrameworksBuildPhase section */
		BAB3DF951BF5CD3400060573 /* Frameworks */ = {
			isa = PBXFrameworksBuildPhase;
			buildActionMask = 2147483647;
			files = (
			);
			runOnlyForDeploymentPostprocessing = 0;
		};
		BAB3DFAE1BF5CD3400060573 /* Frameworks */ = {
			isa = PBXFrameworksBuildPhase;
			buildActionMask = 2147483647;
			files = (
			);
			runOnlyForDeploymentPostprocessing = 0;
		};
		BAB3DFB91BF5CD3400060573 /* Frameworks */ = {
			isa = PBXFrameworksBuildPhase;
			buildActionMask = 2147483647;
			files = (
			);
			runOnlyForDeploymentPostprocessing = 0;
		};
/* End PBXFrameworksBuildPhase section */

/* Begin PBXGroup section */
		BAB3DF8F1BF5CD3400060573 = {
			isa = PBXGroup;
			children = (
				BAB3DF9A1BF5CD3400060573 /* sample2 */,
				BAB3DFB41BF5CD3400060573 /* sample2Tests */,
				BAB3DFBF1BF5CD3400060573 /* sample2UITests */,
				BAB3DF991BF5CD3400060573 /* Products */,
			);
			sourceTree = "<group>";
		};
		BAB3DF991BF5CD3400060573 /* Products */ = {
			isa = PBXGroup;
			children = (
				BAB3DF981BF5CD3400060573 /* sample2.app */,
				BAB3DFB11BF5CD3400060573 /* sample2Tests.xctest */,
				BAB3DFBC1BF5CD3400060573 /* sample2UITests.xctest */,
			);
			name = Products;
			sourceTree = "<group>";
		};
		BAB3DF9A1BF5CD3400060573 /* sample2 */ = {
			isa = PBXGroup;
			children = (
				BAB3DF9E1BF5CD3400060573 /* AppDelegate.h */,
				BAB3DF9F1BF5CD3400060573 /* AppDelegate.m */,
				BAB3DFA11BF5CD3400060573 /* ViewController.h */,
				BAB3DFA21BF5CD3400060573 /* ViewController.m */,
				BAB3DFA41BF5CD3400060573 /* Main.storyboard */,
				BAB3DFA71BF5CD3400060573 /* Assets.xcassets */,
				BAB3DFA91BF5CD3400060573 /* LaunchScreen.storyboard */,
				BAB3DFAC1BF5CD3400060573 /* Info.plist */,
				BAB3DF9B1BF5CD3400060573 /* Supporting Files */,
			);
			path = sample2;
			sourceTree = "<group>";
		};
		BAB3DF9B1BF5CD3400060573 /* Supporting Files */ = {
			isa = PBXGroup;
			children = (
				BAB3DF9C1BF5CD3400060573 /* main.m */,
			);
			name = "Supporting Files";
			sourceTree = "<group>";
		};
		BAB3DFB41BF5CD3400060573 /* sample2Tests */ = {
			isa = PBXGroup;
			children = (
				BAB3DFB51BF5CD3400060573 /* sample2Tests.m */,
				BAB3DFB71BF5CD3400060573 /* Info.plist */,
			);
			path = sample2Tests;
			sourceTree = "<group>";
		};
		BAB3DFBF1BF5CD3400060573 /* sample2UITests */ = {
			isa = PBXGroup;
			children = (
				BAB3DFC01BF5CD3400060573 /* sample2UITests.m */,
				BAB3DFC21BF5CD3400060573 /* Info.plist */,
			);
			path = sample2UITests;
			sourceTree = "<group>";
		};
/* End PBXGroup section */

/* Begin PBXNativeTarget section */
		BAB3DF971BF5CD3400060573 /* sample2 */ = {
			isa = PBXNativeTarget;
			buildConfigurationList = BAB3DFC51BF5CD3400060573 /* Build configuration list for PBXNativeTarget "sample2" */;
			buildPhases = (
				BAB3DF941BF5CD3400060573 /* Sources */,
				BAB3DF951BF5CD3400060573 /* Frameworks */,
				BAB3DF961BF5CD3400060573 /* Resources */,
			);
			buildRules = (
			);
			dependencies = (
			);
			name = sample2;
			productName = sample2;
			productReference = BAB3DF981BF5CD3400060573 /* sample2.app */;
			productType = "com.apple.product-type.application";
		};
		BAB3DFB01BF5CD3400060573 /* sample2Tests */ = {
			isa = PBXNativeTarget;
			buildConfigurationList = BAB3DFC81BF5CD3400060573 /* Build configuration list for PBXNativeTarget "sample2Tests" */;
			buildPhases = (
				BAB3DFAD1BF5CD3400060573 /* Sources */,
				BAB3DFAE1BF5CD3400060573 /* Frameworks */,
				BAB3DFAF1BF5CD3400060573 /* Resources */,
			);
			buildRules = (
			);
			dependencies = (
				BAB3DFB31BF5CD3400060573 /* PBXTargetDependency */,
			);
			name = sample2Tests;
			productName = sample2Tests;
			productReference = BAB3DFB11BF5CD3400060573 /* sample2Tests.xctest */;
			productType = "com.apple.product-type.bundle.unit-test";
		};
		BAB3DFBB1BF5CD3400060573 /* sample2UITests */ = {
			isa = PBXNativeTarget;
			buildConfigurationList = BAB3DFCB1BF5CD3400060573 /* Build configuration list for PBXNativeTarget "sample2UITests" */;
			buildPhases = (
				BAB3DFB81BF5CD3400060573 /* Sources */,
				BAB3DFB91BF5CD3400060573 /* Frameworks */,
				BAB3DFBA1BF5CD3400060573 /* Resources */,
			);
			buildRules = (
			);
			dependencies = (
				BAB3DFBE1BF5CD3400060573 /* PBXTargetDependency */,
			);
			name = sample2UITests;
			productName = sample2UITests;
			productReference = BAB3DFBC1BF5CD3400060573 /* sample2UITests.xctest */;
			productType = "com.apple.product-type.bundle.ui-testing";
		};
/* End PBXNativeTarget section */

/* Begin PBXProject section */
		BAB3DF901BF5CD3400060573 /* Project object */ = {
			isa = PBXProject;
			attributes = {
				LastUpgradeCheck = 0710;
				ORGANIZATIONNAME = FBC;
				TargetAttributes = {
					BAB3DF971BF5CD3400060573 = {
						CreatedOnToolsVersion = 7.1.1;
						DevelopmentTeam = C3XQCRVD7N;
					};
					BAB3DFB01BF5CD3400060573 = {
						CreatedOnToolsVersion = 7.1.1;
						DevelopmentTeam = C3XQCRVD7N;
						TestTargetID = BAB3DF971BF5CD3400060573;
					};
					BAB3DFBB1BF5CD3400060573 = {
						CreatedOnToolsVersion = 7.1.1;
						DevelopmentTeam = C3XQCRVD7N;
						TestTargetID = BAB3DF971BF5CD3400060573;
					};
				};
			};
			buildConfigurationList = BAB3DF931BF5CD3400060573 /* Build configuration list for PBXProject "sample2" */;
			compatibilityVersion = "Xcode 3.2";
			developmentRegion = English;
			hasScannedForEncodings = 0;
			knownRegions = (
				en,
				Base,
			);
			mainGroup = BAB3DF8F1BF5CD3400060573;
			productRefGroup = BAB3DF991BF5CD3400060573 /* Products */;
			projectDirPath = "";
			projectRoot = "";
			targets = (
				BAB3DF971BF5CD3400060573 /* sample2 */,
				BAB3DFB01BF5CD3400060573 /* sample2Tests */,
				BAB3DFBB1BF5CD3400060573 /* sample2UITests */,
			);
		};
/* End PBXProject section */

/* Begin PBXResourcesBuildPhase section */
		BAB3DF961BF5CD3400060573 /* Resources */ = {
			isa = PBXResourcesBuildPhase;
			buildActionMask = 2147483647;
			files = (
				BAB3DFAB1BF5CD3400060573 /* LaunchScreen.storyboard in Resources */,
				BAB3DFA81BF5CD3400060573 /* Assets.xcassets in Resources */,
				BAB3DFA61BF5CD3400060573 /* Main.storyboard in Resources */,
			);
			runOnlyForDeploymentPostprocessing = 0;
		};
		BAB3DFAF1BF5CD3400060573 /* Resources */ = {
			isa = PBXResourcesBuildPhase;
			buildActionMask = 2147483647;
			files = (
			);
			runOnlyForDeploymentPostprocessing = 0;
		};
		BAB3DFBA1BF5CD3400060573 /* Resources */ = {
			isa = PBXResourcesBuildPhase;
			buildActionMask = 2147483647;
			files = (
			);
			runOnlyForDeploymentPostprocessing = 0;
		};
/* End PBXResourcesBuildPhase section */

/* Begin PBXSourcesBuildPhase section */
		BAB3DF941BF5CD3400060573 /* Sources */ = {
			isa = PBXSourcesBuildPhase;
			buildActionMask = 2147483647;
			files = (
				BAB3DFA31BF5CD3400060573 /* ViewController.m in Sources */,
				BAB3DFA01BF5CD3400060573 /* AppDelegate.m in Sources */,
				BAB3DF9D1BF5CD3400060573 /* main.m in Sources */,
			);
			runOnlyForDeploymentPostprocessing = 0;
		};
		BAB3DFAD1BF5CD3400060573 /* Sources */ = {
			isa = PBXSourcesBuildPhase;
			buildActionMask = 2147483647;
			files = (
				BAB3DFB61BF5CD3400060573 /* sample2Tests.m in Sources */,
			);
			runOnlyForDeploymentPostprocessing = 0;
		};
		BAB3DFB81BF5CD3400060573 /* Sources */ = {
			isa = PBXSourcesBuildPhase;
			buildActionMask = 2147483647;
			files = (
				BAB3DFC11BF5CD3400060573 /* sample2UITests.m in Sources */,
			);
			runOnlyForDeploymentPostprocessing = 0;
		};
/* End PBXSourcesBuildPhase section */

/* Begin PBXTargetDependency section */
		BAB3DFB31BF5CD3400060573 /* PBXTargetDependency */ = {
			isa = PBXTargetDependency;
			target = BAB3DF971BF5CD3400060573 /* sample2 */;
			targetProxy = BAB3DFB21BF5CD3400060573 /* PBXContainerItemProxy */;
		};
		BAB3DFBE1BF5CD3400060573 /* PBXTargetDependency */ = {
			isa = PBXTargetDependency;
			target = BAB3DF971BF5CD3400060573 /* sample2 */;
			targetProxy = BAB3DFBD1BF5CD3400060573 /* PBXContainerItemProxy */;
		};
/* End PBXTargetDependency section */

/* Begin PBXVariantGroup section */
		BAB3DFA41BF5CD3400060573 /* Main.storyboard */ = {
			isa = PBXVariantGroup;
			children = (
				BAB3DFA51BF5CD3400060573 /* Base */,
			);
			name = Main.storyboard;
			sourceTree = "<group>";
		};
		BAB3DFA91BF5CD3400060573 /* LaunchScreen.storyboard */ = {
			isa = PBXVariantGroup;
			children = (
				BAB3DFAA1BF5CD3400060573 /* Base */,
			);
			name = LaunchScreen.storyboard;
			sourceTree = "<group>";
		};
/* End PBXVariantGroup section */

/* Begin XCBuildConfiguration section */
		BAB3DFC31BF5CD3400060573 /* Debug */ = {
			isa = XCBuildConfiguration;
			buildSettings = {
				ALWAYS_SEARCH_USER_PATHS = NO;
				CLANG_CXX_LANGUAGE_STANDARD = "gnu++0x";
				CLANG_CXX_LIBRARY = "libc++";
				CLANG_ENABLE_MODULES = YES;
				CLANG_ENABLE_OBJC_ARC = YES;
				CLANG_WARN_BOOL_CONVERSION = YES;
				CLANG_WARN_CONSTANT_CONVERSION = YES;
				CLANG_WARN_DIRECT_OBJC_ISA_USAGE = YES_ERROR;
				CLANG_WARN_EMPTY_BODY = YES;
				CLANG_WARN_ENUM_CONVERSION = YES;
				CLANG_WARN_INT_CONVERSION = YES;
				CLANG_WARN_OBJC_ROOT_CLASS = YES_ERROR;
				CLANG_WARN_UNREACHABLE_CODE = YES;
				CLANG_WARN__DUPLICATE_METHOD_MATCH = YES;
				"CODE_SIGN_IDENTITY[sdk=iphoneos*]" = "iPhone Developer";
				COPY_PHASE_STRIP = NO;
				DEBUG_INFORMATION_FORMAT = dwarf;
				ENABLE_STRICT_OBJC_MSGSEND = YES;
				ENABLE_TESTABILITY = YES;
				GCC_C_LANGUAGE_STANDARD = gnu99;
				GCC_DYNAMIC_NO_PIC = NO;
				GCC_NO_COMMON_BLOCKS = YES;
				GCC_OPTIMIZATION_LEVEL = 0;
				GCC_PREPROCESSOR_DEFINITIONS = (
					"DEBUG=1",
					"$(inherited)",
				);
				GCC_WARN_64_TO_32_BIT_CONVERSION = YES;
				GCC_WARN_ABOUT_RETURN_TYPE = YES_ERROR;
				GCC_WARN_UNDECLARED_SELECTOR = YES;
				GCC_WARN_UNINITIALIZED_AUTOS = YES_AGGRESSIVE;
				GCC_WARN_UNUSED_FUNCTION = YES;
				GCC_WARN_UNUSED_VARIABLE = YES;
				IPHONEOS_DEPLOYMENT_TARGET = 9.1;
				MTL_ENABLE_DEBUG_INFO = YES;
				ONLY_ACTIVE_ARCH = YES;
				SDKROOT = iphoneos;
				TARGETED_DEVICE_FAMILY = "1,2";
			};
			name = Debug;
		};
		BAB3DFC41BF5CD3400060573 /* Release */ = {
			isa = XCBuildConfiguration;
			buildSettings = {
				ALWAYS_SEARCH_USER_PATHS = NO;
				CLANG_CXX_LANGUAGE_STANDARD = "gnu++0x";
				CLANG_CXX_LIBRARY = "libc++";
				CLANG_ENABLE_MODULES = YES;
				CLANG_ENABLE_OBJC_ARC = YES;
				CLANG_WARN_BOOL_CONVERSION = YES;
				CLANG_WARN_CONSTANT_CONVERSION = YES;
				CLANG_WARN_DIRECT_OBJC_ISA_USAGE = YES_ERROR;
				CLANG_WARN_EMPTY_BODY = YES;
				CLANG_WARN_ENUM_CONVERSION = YES;
				CLANG_WARN_INT_CONVERSION = YES;
				CLANG_WARN_OBJC_ROOT_CLASS = YES_ERROR;
				CLANG_WARN_UNREACHABLE_CODE = YES;
				CLANG_WARN__DUPLICATE_METHOD_MATCH = YES;
				"CODE_SIGN_IDENTITY[sdk=iphoneos*]" = "iPhone Developer";
				COPY_PHASE_STRIP = NO;
				DEBUG_INFORMATION_FORMAT = "dwarf-with-dsym";
				ENABLE_NS_ASSERTIONS = NO;
				ENABLE_STRICT_OBJC_MSGSEND = YES;
				GCC_C_LANGUAGE_STANDARD = gnu99;
				GCC_NO_COMMON_BLOCKS = YES;
				GCC_WARN_64_TO_32_BIT_CONVERSION = YES;
				GCC_WARN_ABOUT_RETURN_TYPE = YES_ERROR;
				GCC_WARN_UNDECLARED_SELECTOR = YES;
				GCC_WARN_UNINITIALIZED_AUTOS = YES_AGGRESSIVE;
				GCC_WARN_UNUSED_FUNCTION = YES;
				GCC_WARN_UNUSED_VARIABLE = YES;
				IPHONEOS_DEPLOYMENT_TARGET = 9.1;
				MTL_ENABLE_DEBUG_INFO = NO;
				SDKROOT = iphoneos;
				TARGETED_DEVICE_FAMILY = "1,2";
				VALIDATE_PRODUCT = YES;
			};
			name = Release;
		};
		BAB3DFC61BF5CD3400060573 /* Debug */ = {
			isa = XCBuildConfiguration;
			buildSettings = {
				ASSETCATALOG_COMPILER_APPICON_NAME = AppIcon;
				INFOPLIST_FILE = sample2/Info.plist;
				LD_RUNPATH_SEARCH_PATHS = "$(inherited) @executable_path/Frameworks";
				PRODUCT_BUNDLE_IDENTIFIER = "jp.fbc-web.sample2";
				PRODUCT_NAME = "$(TARGET_NAME)";
			};
			name = Debug;
		};
		BAB3DFC71BF5CD3400060573 /* Release */ = {
			isa = XCBuildConfiguration;
			buildSettings = {
				ASSETCATALOG_COMPILER_APPICON_NAME = AppIcon;
				INFOPLIST_FILE = sample2/Info.plist;
				LD_RUNPATH_SEARCH_PATHS = "$(inherited) @executable_path/Frameworks";
				PRODUCT_BUNDLE_IDENTIFIER = "jp.fbc-web.sample2";
				PRODUCT_NAME = "$(TARGET_NAME)";
			};
			name = Release;
		};
		BAB3DFC91BF5CD3400060573 /* Debug */ = {
			isa = XCBuildConfiguration;
			buildSettings = {
				BUNDLE_LOADER = "$(TEST_HOST)";
				INFOPLIST_FILE = sample2Tests/Info.plist;
				LD_RUNPATH_SEARCH_PATHS = "$(inherited) @executable_path/Frameworks @loader_path/Frameworks";
				PRODUCT_BUNDLE_IDENTIFIER = "jp.fbc-web.sample2Tests";
				PRODUCT_NAME = "$(TARGET_NAME)";
				TEST_HOST = "$(BUILT_PRODUCTS_DIR)/sample2.app/sample2";
			};
			name = Debug;
		};
		BAB3DFCA1BF5CD3400060573 /* Release */ = {
			isa = XCBuildConfiguration;
			buildSettings = {
				BUNDLE_LOADER = "$(TEST_HOST)";
				INFOPLIST_FILE = sample2Tests/Info.plist;
				LD_RUNPATH_SEARCH_PATHS = "$(inherited) @executable_path/Frameworks @loader_path/Frameworks";
				PRODUCT_BUNDLE_IDENTIFIER = "jp.fbc-web.sample2Tests";
				PRODUCT_NAME = "$(TARGET_NAME)";
				TEST_HOST = "$(BUILT_PRODUCTS_DIR)/sample2.app/sample2";
			};
			name = Release;
		};
		BAB3DFCC1BF5CD3400060573 /* Debug */ = {
			isa = XCBuildConfiguration;
			buildSettings = {
				INFOPLIST_FILE = sample2UITests/Info.plist;
				LD_RUNPATH_SEARCH_PATHS = "$(inherited) @executable_path/Frameworks @loader_path/Frameworks";
				PRODUCT_BUNDLE_IDENTIFIER = "jp.fbc-web.sample2UITests";
				PRODUCT_NAME = "$(TARGET_NAME)";
				TEST_TARGET_NAME = sample2;
				USES_XCTRUNNER = YES;
			};
			name = Debug;
		};
		BAB3DFCD1BF5CD3400060573 /* Release */ = {
			isa = XCBuildConfiguration;
			buildSettings = {
				INFOPLIST_FILE = sample2UITests/Info.plist;
				LD_RUNPATH_SEARCH_PATHS = "$(inherited) @executable_path/Frameworks @loader_path/Frameworks";
				PRODUCT_BUNDLE_IDENTIFIER = "jp.fbc-web.sample2UITests";
				PRODUCT_NAME = "$(TARGET_NAME)";
				TEST_TARGET_NAME = sample2;
				USES_XCTRUNNER = YES;
			};
			name = Release;
		};
/* End XCBuildConfiguration section */

/* Begin XCConfigurationList section */
		BAB3DF931BF5CD3400060573 /* Build configuration list for PBXProject "sample2" */ = {
			isa = XCConfigurationList;
			buildConfigurations = (
				BAB3DFC31BF5CD3400060573 /* Debug */,
				BAB3DFC41BF5CD3400060573 /* Release */,
			);
			defaultConfigurationIsVisible = 0;
			defaultConfigurationName = Release;
		};
		BAB3DFC51BF5CD3400060573 /* Build configuration list for PBXNativeTarget "sample2" */ = {
			isa = XCConfigurationList;
			buildConfigurations = (
				BAB3DFC61BF5CD3400060573 /* Debug */,
				BAB3DFC71BF5CD3400060573 /* Release */,
			);
			defaultConfigurationIsVisible = 0;
		};
		BAB3DFC81BF5CD3400060573 /* Build configuration list for PBXNativeTarget "sample2Tests" */ = {
			isa = XCConfigurationList;
			buildConfigurations = (
				BAB3DFC91BF5CD3400060573 /* Debug */,
				BAB3DFCA1BF5CD3400060573 /* Release */,
			);
			defaultConfigurationIsVisible = 0;
		};
		BAB3DFCB1BF5CD3400060573 /* Build configuration list for PBXNativeTarget "sample2UITests" */ = {
			isa = XCConfigurationList;
			buildConfigurations = (
				BAB3DFCC1BF5CD3400060573 /* Debug */,
				BAB3DFCD1BF5CD3400060573 /* Release */,
			);
			defaultConfigurationIsVisible = 0;
		};
/* End XCConfigurationList section */
	};
	rootObject = BAB3DF901BF5CD3400060573 /* Project object */;
}
